
Microsoft Visual Studio Solution File, Format Version 12.00
# Visual Studio Version 16
VisualStudioVersion = 16.0.31424.327
MinimumVisualStudioVersion = 10.0.40219.1
Project("{9A19103F-16F7-4668-BE54-9A1E7A4F7556}") = "CRM", "CRM\CRM.csproj", "{1E904FBC-A09E-4E27-843E-A46CDFB503C1}"
EndProject
Project("{9A19103F-16F7-4668-BE54-9A1E7A4F7556}") = "CRM.Model", "CRM.Model\CRM.Model.csproj", "{DAE9A30A-82DC-467B-BEE7-9C0C356B2479}"
EndProject
Project("{FAE04EC0-301F-11D3-BF4B-00C04F79EFBC}") = "CRM.Utility", "CRM.Utility\CRM.Utility.csproj", "{4D28408E-633B-4A57-9CEF-9E50E6BA2F42}"
EndProject
Global
	GlobalSection(SolutionConfigurationPlatforms) = preSolution
		Debug|Any CPU = Debug|Any CPU
		Release|Any CPU = Release|Any CPU
	EndGlobalSection
	GlobalSection(ProjectConfigurationPlatforms) = postSolution
		{1E904FBC-A09E-4E27-843E-A46CDFB503C1}.Debug|Any CPU.ActiveCfg = Debug|Any CPU
		{1E904FBC-A09E-4E27-843E-A46CDFB503C1}.Debug|Any CPU.Build.0 = Debug|Any CPU
		{1E904FBC-A09E-4E27-843E-A46CDFB503C1}.Release|Any CPU.ActiveCfg = Release|Any CPU
		{1E904FBC-A09E-4E27-843E-A46CDFB503C1}.Release|Any CPU.Build.0 = Release|Any CPU
		{DAE9A30A-82DC-467B-BEE7-9C0C356B2479}.Debug|Any CPU.ActiveCfg = Debug|Any CPU
		{DAE9A30A-82DC-467B-BEE7-9C0C356B2479}.Debug|Any CPU.Build.0 = Debug|Any CPU
		{DAE9A30A-82DC-467B-BEE7-9C0C356B2479}.Release|Any CPU.ActiveCfg = Release|Any CPU
		{DAE9A30A-82DC-467B-BEE7-9C0C356B2479}.Release|Any CPU.Build.0 = Release|Any CPU
		{4D28408E-633B-4A57-9CEF-9E50E6BA2F42}.Debug|Any CPU.ActiveCfg = Debug|Any CPU
		{4D28408E-633B-4A57-9CEF-9E50E6BA2F42}.Debug|Any CPU.Build.0 = Debug|Any CPU
		{4D28408E-633B-4A57-9CEF-9E50E6BA2F42}.Release|Any CPU.ActiveCfg = Release|Any CPU
		{4D28408E-633B-4A57-9CEF-9E50E6BA2F42}.Release|Any CPU.Build.0 = Release|Any CPU
	EndGlobalSection
	GlobalSection(SolutionProperties) = preSolution
		HideSolutionNode = FALSE
	EndGlobalSection
	GlobalSection(ExtensibilityGlobals) = postSolution
		SolutionGuid = {026A0F4D-C753-41E7-9AB1-BF878964B535}
	EndGlobalSection
EndGlobal
